
Microsoft Visual Studio Solution File, Format Version 12.00
# Visual Studio Version 16
VisualStudioVersion = 16.0.30011.22
MinimumVisualStudioVersion = 10.0.40219.1
Project("{FAE04EC0-301F-11D3-BF4B-00C04F79EFBC}") = "OrderGUISystem", "EFDemo2\OrderGUISystem.csproj", "{94DF0183-3F53-4F8A-985D-C71119BFF9D4}"
EndProject
Global
	GlobalSection(SolutionConfigurationPlatforms) = preSolution
		Debug|Any CPU = Debug|Any CPU
		Release|Any CPU = Release|Any CPU
	EndGlobalSection
	GlobalSection(ProjectConfigurationPlatforms) = postSolution
		{94DF0183-3F53-4F8A-985D-C71119BFF9D4}.Debug|Any CPU.ActiveCfg = Debug|Any CPU
		{94DF0183-3F53-4F8A-985D-C71119BFF9D4}.Debug|Any CPU.Build.0 = Debug|Any CPU
		{94DF0183-3F53-4F8A-985D-C71119BFF9D4}.Release|Any CPU.ActiveCfg = Release|Any CPU
		{94DF0183-3F53-4F8A-985D-C71119BFF9D4}.Release|Any CPU.Build.0 = Release|Any CPU
	EndGlobalSection
	GlobalSection(SolutionProperties) = preSolution
		HideSolutionNode = FALSE
	EndGlobalSection
	GlobalSection(ExtensibilityGlobals) = postSolution
		SolutionGuid = {7952F661-16C9-4CD7-AAB9-943E05A4D9DC}
	EndGlobalSection
EndGlobal
